# THIS IS AN AUTOGENERATED FILE. DO NOT EDIT THIS FILE DIRECTLY.
# yarn lockfile v1


react-native-maps@^0.27.1:
  version "0.27.1"
  resolved "https://registry.yarnpkg.com/react-native-maps/-/react-native-maps-0.27.1.tgz#2f10cd417bb2fd938c9e015b1c9b6d9b1a44b97f"
  integrity sha512-HygBkZBecTnIVRYrSiLRAvu4OmXOYso/A7c6Cy73HkOh9CgGV8Ap5eBea24tvmFGptjj5Hg8AJ94/YbmWK1Okw==
